<?xml version="1.0" encoding="utf-8"?>
<Project ToolsVersion="4.0" xmlns="http://schemas.microsoft.com/developer/msbuild/2003">
  <ItemGroup>
    <Filter Include="MathLib">
      <UniqueIdentifier>{3f7306c6-8b94-4dc3-a9ba-9207cf4b71e0}</UniqueIdentifier>
    </Filter>
    <Filter Include="Vector">
      <UniqueIdentifier>{155ec494-2c54-42b4-b302-ff7eb674d816}</UniqueIdentifier>
    </Filter>
    <Filter Include="Quaternion">
      <UniqueIdentifier>{11e7c023-f441-4ec9-a9ce-9f27d566d4d9}</UniqueIdentifier>
    </Filter>
    <Filter Include="Matrix">
      <UniqueIdentifier>{3293aefc-bcba-4228-97d1-06f72529ee57}</UniqueIdentifier>
    </Filter>
    <Filter Include="Collision">
      <UniqueIdentifier>{1c356822-5e85-4a7a-a9db-21aa0cf136a7}</UniqueIdentifier>
    </Filter>
  </ItemGroup>
  <ItemGroup>
    <ClInclude Include="MathLib.h">
      <Filter>MathLib</Filter>
    </ClInclude>
    <ClInclude Include="Vector.h">
      <Filter>Vector</Filter>
    </ClInclude>
    <ClInclude Include="Quaternion.h">
      <Filter>Quaternion</Filter>
    </ClInclude>
    <ClInclude Include="Matrix.h">
      <Filter>Matrix</Filter>
    </ClInclude>
    <ClInclude Include="Collision.h">
      <Filter>Collision</Filter>
    </ClInclude>
  </ItemGroup>
</Project>